
Microsoft Visual Studio Solution File, Format Version 12.00
# Visual Studio Version 17
VisualStudioVersion = 17.6.33815.320
MinimumVisualStudioVersion = 10.0.40219.1
Project("{9A19103F-16F7-4668-BE54-9A1E7A4F7556}") = "Quokka", "Quokka\Quokka.csproj", "{5809B4C0-69A8-4C05-8503-56BCBE7930A7}"
EndProject
Project("{2150E333-8FDC-42A3-9474-1A3956D46DE8}") = "Config", "Config", "{1F15F35B-52DE-41B6-8AE1-B4F415147579}"
	ProjectSection(SolutionItems) = preProject
		Config\settings.json = Config\settings.json
	EndProjectSection
EndProject
Project("{2150E333-8FDC-42A3-9474-1A3956D46DE8}") = "Resources", "Resources", "{A719644E-CEB5-4DC8-99D3-0ADFEAA562E8}"
	ProjectSection(SolutionItems) = preProject
		Config\Resources\information.png = Config\Resources\information.png
		Config\Resources\QuokkaTray.ico = Config\Resources\QuokkaTray.ico
		Config\Resources\SearchIcon.png = Config\Resources\SearchIcon.png
	EndProjectSection
EndProject
Project("{2150E333-8FDC-42A3-9474-1A3956D46DE8}") = "Solution Items", "Solution Items", "{FE28C625-E3C6-44AA-841D-BEF9EBDC7555}"
	ProjectSection(SolutionItems) = preProject
		.editorconfig = .editorconfig
		Directory.Build.Props = Directory.Build.Props
		IgnoredWords.txt = IgnoredWords.txt
	EndProjectSection
EndProject
Project("{9A19103F-16F7-4668-BE54-9A1E7A4F7556}") = "Tests", "Tests\Tests.csproj", "{144F8C8D-900E-4AA8-9D4D-C6D9854512B9}"
EndProject
Project("{FAE04EC0-301F-11D3-BF4B-00C04F79EFBC}") = "PluginCalculator", "PluginCalculator\PluginCalculator.csproj", "{94CC03A0-F20F-0C8E-F61C-C06460B01CE0}"
EndProject
Project("{FAE04EC0-301F-11D3-BF4B-00C04F79EFBC}") = "PluginDeviceAddresses", "PluginDeviceAddresses\PluginDeviceAddresses.csproj", "{143897F1-7528-819E-935A-0674CCCFC4EF}"
EndProject
Project("{FAE04EC0-301F-11D3-BF4B-00C04F79EFBC}") = "PluginEnglishDictionary", "PluginEnglishDictionary\PluginEnglishDictionary.csproj", "{8AEDADC2-288D-8F93-DD27-97C62CC3AEBC}"
EndProject
Project("{FAE04EC0-301F-11D3-BF4B-00C04F79EFBC}") = "PluginEverything", "PluginEverything\PluginEverything.csproj", "{A51EB60B-257D-434A-19F9-9B659BFA1054}"
EndProject
Project("{FAE04EC0-301F-11D3-BF4B-00C04F79EFBC}") = "PluginGitmoji", "PluginGitmoji\PluginGitmoji.csproj", "{D473D66A-B1D8-9486-677E-1D1783BED58F}"
EndProject
Project("{FAE04EC0-301F-11D3-BF4B-00C04F79EFBC}") = "PluginInstalledApps", "PluginInstalledApps\PluginInstalledApps.csproj", "{BFDC6A98-C0DF-7ED7-7C66-00C077582D77}"
EndProject
Project("{FAE04EC0-301F-11D3-BF4B-00C04F79EFBC}") = "PluginPortableApps", "PluginPortableApps\PluginPortableApps.csproj", "{D4C7C535-0650-D62F-4F0A-FEBCCC603383}"
EndProject
Project("{FAE04EC0-301F-11D3-BF4B-00C04F79EFBC}") = "PluginPowerCommands", "PluginPowerCommands\PluginPowerCommands.csproj", "{E232BB7B-7298-B277-FCE2-8BA954618518}"
EndProject
Project("{FAE04EC0-301F-11D3-BF4B-00C04F79EFBC}") = "PluginSettings", "PluginSettings\PluginSettings.csproj", "{22155711-3030-24BF-A39E-494250FDEB25}"
EndProject
Project("{FAE04EC0-301F-11D3-BF4B-00C04F79EFBC}") = "PluginShellCommand", "PluginShellCommand\PluginShellCommand.csproj", "{08180C0A-4D65-541A-2021-62A05DF77BB6}"
EndProject
Project("{FAE04EC0-301F-11D3-BF4B-00C04F79EFBC}") = "PluginTypedText", "PluginTypedText\PluginTypedText.csproj", "{7368562F-D321-AE1A-3BEB-1BD78DDA3E8B}"
EndProject
Project("{FAE04EC0-301F-11D3-BF4B-00C04F79EFBC}") = "PluginUnicodeCharacterLookup", "PluginUnicodeCharacterLookup\PluginUnicodeCharacterLookup.csproj", "{61EE331F-ACBC-7143-A185-E05A57677A08}"
EndProject
Project("{FAE04EC0-301F-11D3-BF4B-00C04F79EFBC}") = "PluginWebSearch", "PluginWebSearch\PluginWebSearch.csproj", "{AAE17BE9-2D6E-E235-E40B-ABFA93AD1512}"
EndProject
Project("{FAE04EC0-301F-11D3-BF4B-00C04F79EFBC}") = "PluginWindowSwitch", "PluginWindowSwitch\PluginWindowSwitch.csproj", "{73D6EFDC-9832-0DC7-75DC-E65EF60E8D1C}"
EndProject
Project("{FAE04EC0-301F-11D3-BF4B-00C04F79EFBC}") = "PluginWorkflows", "PluginWorkflows\PluginWorkflows.csproj", "{126E0769-D1E7-D0C9-7762-DFABB61F7245}"
EndProject
Global
	GlobalSection(SolutionConfigurationPlatforms) = preSolution
		Debug|Any CPU = Debug|Any CPU
		Debug|x86 = Debug|x86
		Plugin|Any CPU = Plugin|Any CPU
		Plugin|x86 = Plugin|x86
		Quokka|Any CPU = Quokka|Any CPU
		Quokka|x86 = Quokka|x86
		Release|Any CPU = Release|Any CPU
		Release|x86 = Release|x86
	EndGlobalSection
	GlobalSection(ProjectConfigurationPlatforms) = postSolution
		{5809B4C0-69A8-4C05-8503-56BCBE7930A7}.Debug|Any CPU.ActiveCfg = Debug|Any CPU
		{5809B4C0-69A8-4C05-8503-56BCBE7930A7}.Debug|Any CPU.Build.0 = Debug|Any CPU
		{5809B4C0-69A8-4C05-8503-56BCBE7930A7}.Debug|x86.ActiveCfg = Debug|Any CPU
		{5809B4C0-69A8-4C05-8503-56BCBE7930A7}.Debug|x86.Build.0 = Debug|Any CPU
		{5809B4C0-69A8-4C05-8503-56BCBE7930A7}.Plugin|Any CPU.ActiveCfg = Quokka Release|Any CPU
		{5809B4C0-69A8-4C05-8503-56BCBE7930A7}.Plugin|Any CPU.Build.0 = Quokka Release|Any CPU
		{5809B4C0-69A8-4C05-8503-56BCBE7930A7}.Plugin|x86.ActiveCfg = Release|Any CPU
		{5809B4C0-69A8-4C05-8503-56BCBE7930A7}.Plugin|x86.Build.0 = Release|Any CPU
		{5809B4C0-69A8-4C05-8503-56BCBE7930A7}.Quokka|Any CPU.ActiveCfg = Quokka|Any CPU
		{5809B4C0-69A8-4C05-8503-56BCBE7930A7}.Quokka|Any CPU.Build.0 = Quokka|Any CPU
		{5809B4C0-69A8-4C05-8503-56BCBE7930A7}.Quokka|x86.ActiveCfg = Quokka|Any CPU
		{5809B4C0-69A8-4C05-8503-56BCBE7930A7}.Quokka|x86.Build.0 = Quokka|Any CPU
		{5809B4C0-69A8-4C05-8503-56BCBE7930A7}.Release|Any CPU.ActiveCfg = Release|Any CPU
		{5809B4C0-69A8-4C05-8503-56BCBE7930A7}.Release|Any CPU.Build.0 = Release|Any CPU
		{5809B4C0-69A8-4C05-8503-56BCBE7930A7}.Release|x86.ActiveCfg = Release|Any CPU
		{5809B4C0-69A8-4C05-8503-56BCBE7930A7}.Release|x86.Build.0 = Release|Any CPU
		{144F8C8D-900E-4AA8-9D4D-C6D9854512B9}.Debug|Any CPU.ActiveCfg = Debug|Any CPU
		{144F8C8D-900E-4AA8-9D4D-C6D9854512B9}.Debug|Any CPU.Build.0 = Debug|Any CPU
		{144F8C8D-900E-4AA8-9D4D-C6D9854512B9}.Debug|x86.ActiveCfg = Debug|Any CPU
		{144F8C8D-900E-4AA8-9D4D-C6D9854512B9}.Debug|x86.Build.0 = Debug|Any CPU
		{144F8C8D-900E-4AA8-9D4D-C6D9854512B9}.Plugin|Any CPU.ActiveCfg = Debug|Any CPU
		{144F8C8D-900E-4AA8-9D4D-C6D9854512B9}.Plugin|Any CPU.Build.0 = Debug|Any CPU
		{144F8C8D-900E-4AA8-9D4D-C6D9854512B9}.Plugin|x86.ActiveCfg = Release|Any CPU
		{144F8C8D-900E-4AA8-9D4D-C6D9854512B9}.Plugin|x86.Build.0 = Release|Any CPU
		{144F8C8D-900E-4AA8-9D4D-C6D9854512B9}.Quokka|Any CPU.ActiveCfg = Debug|Any CPU
		{144F8C8D-900E-4AA8-9D4D-C6D9854512B9}.Quokka|Any CPU.Build.0 = Debug|Any CPU
		{144F8C8D-900E-4AA8-9D4D-C6D9854512B9}.Quokka|x86.ActiveCfg = Release|Any CPU
		{144F8C8D-900E-4AA8-9D4D-C6D9854512B9}.Quokka|x86.Build.0 = Release|Any CPU
		{144F8C8D-900E-4AA8-9D4D-C6D9854512B9}.Release|Any CPU.ActiveCfg = Release|Any CPU
		{144F8C8D-900E-4AA8-9D4D-C6D9854512B9}.Release|Any CPU.Build.0 = Release|Any CPU
		{144F8C8D-900E-4AA8-9D4D-C6D9854512B9}.Release|x86.ActiveCfg = Release|Any CPU
		{144F8C8D-900E-4AA8-9D4D-C6D9854512B9}.Release|x86.Build.0 = Release|Any CPU
		{94CC03A0-F20F-0C8E-F61C-C06460B01CE0}.Debug|Any CPU.ActiveCfg = Plugin|Any CPU
		{94CC03A0-F20F-0C8E-F61C-C06460B01CE0}.Debug|Any CPU.Build.0 = Plugin|Any CPU
		{94CC03A0-F20F-0C8E-F61C-C06460B01CE0}.Debug|x86.ActiveCfg = Plugin|Any CPU
		{94CC03A0-F20F-0C8E-F61C-C06460B01CE0}.Debug|x86.Build.0 = Plugin|Any CPU
		{94CC03A0-F20F-0C8E-F61C-C06460B01CE0}.Plugin|Any CPU.ActiveCfg = Plugin|Any CPU
		{94CC03A0-F20F-0C8E-F61C-C06460B01CE0}.Plugin|Any CPU.Build.0 = Plugin|Any CPU
		{94CC03A0-F20F-0C8E-F61C-C06460B01CE0}.Plugin|x86.ActiveCfg = Plugin|Any CPU
		{94CC03A0-F20F-0C8E-F61C-C06460B01CE0}.Plugin|x86.Build.0 = Plugin|Any CPU
		{94CC03A0-F20F-0C8E-F61C-C06460B01CE0}.Quokka|Any CPU.ActiveCfg = Plugin|Any CPU
		{94CC03A0-F20F-0C8E-F61C-C06460B01CE0}.Quokka|Any CPU.Build.0 = Plugin|Any CPU
		{94CC03A0-F20F-0C8E-F61C-C06460B01CE0}.Quokka|x86.ActiveCfg = Plugin|Any CPU
		{94CC03A0-F20F-0C8E-F61C-C06460B01CE0}.Quokka|x86.Build.0 = Plugin|Any CPU
		{94CC03A0-F20F-0C8E-F61C-C06460B01CE0}.Release|Any CPU.ActiveCfg = Plugin|Any CPU
		{94CC03A0-F20F-0C8E-F61C-C06460B01CE0}.Release|Any CPU.Build.0 = Plugin|Any CPU
		{94CC03A0-F20F-0C8E-F61C-C06460B01CE0}.Release|x86.ActiveCfg = Plugin|Any CPU
		{94CC03A0-F20F-0C8E-F61C-C06460B01CE0}.Release|x86.Build.0 = Plugin|Any CPU
		{143897F1-7528-819E-935A-0674CCCFC4EF}.Debug|Any CPU.ActiveCfg = Plugin|Any CPU
		{143897F1-7528-819E-935A-0674CCCFC4EF}.Debug|Any CPU.Build.0 = Plugin|Any CPU
		{143897F1-7528-819E-935A-0674CCCFC4EF}.Debug|x86.ActiveCfg = Plugin|Any CPU
		{143897F1-7528-819E-935A-0674CCCFC4EF}.Debug|x86.Build.0 = Plugin|Any CPU
		{143897F1-7528-819E-935A-0674CCCFC4EF}.Plugin|Any CPU.ActiveCfg = Plugin|Any CPU
		{143897F1-7528-819E-935A-0674CCCFC4EF}.Plugin|Any CPU.Build.0 = Plugin|Any CPU
		{143897F1-7528-819E-935A-0674CCCFC4EF}.Plugin|x86.ActiveCfg = Plugin|Any CPU
		{143897F1-7528-819E-935A-0674CCCFC4EF}.Plugin|x86.Build.0 = Plugin|Any CPU
		{143897F1-7528-819E-935A-0674CCCFC4EF}.Quokka|Any CPU.ActiveCfg = Plugin|Any CPU
		{143897F1-7528-819E-935A-0674CCCFC4EF}.Quokka|Any CPU.Build.0 = Plugin|Any CPU
		{143897F1-7528-819E-935A-0674CCCFC4EF}.Quokka|x86.ActiveCfg = Plugin|Any CPU
		{143897F1-7528-819E-935A-0674CCCFC4EF}.Quokka|x86.Build.0 = Plugin|Any CPU
		{143897F1-7528-819E-935A-0674CCCFC4EF}.Release|Any CPU.ActiveCfg = Plugin|Any CPU
		{143897F1-7528-819E-935A-0674CCCFC4EF}.Release|Any CPU.Build.0 = Plugin|Any CPU
		{143897F1-7528-819E-935A-0674CCCFC4EF}.Release|x86.ActiveCfg = Plugin|Any CPU
		{143897F1-7528-819E-935A-0674CCCFC4EF}.Release|x86.Build.0 = Plugin|Any CPU
		{8AEDADC2-288D-8F93-DD27-97C62CC3AEBC}.Debug|Any CPU.ActiveCfg = Plugin|Any CPU
		{8AEDADC2-288D-8F93-DD27-97C62CC3AEBC}.Debug|Any CPU.Build.0 = Plugin|Any CPU
		{8AEDADC2-288D-8F93-DD27-97C62CC3AEBC}.Debug|x86.ActiveCfg = Plugin|Any CPU
		{8AEDADC2-288D-8F93-DD27-97C62CC3AEBC}.Debug|x86.Build.0 = Plugin|Any CPU
		{8AEDADC2-288D-8F93-DD27-97C62CC3AEBC}.Plugin|Any CPU.ActiveCfg = Plugin|Any CPU
		{8AEDADC2-288D-8F93-DD27-97C62CC3AEBC}.Plugin|Any CPU.Build.0 = Plugin|Any CPU
		{8AEDADC2-288D-8F93-DD27-97C62CC3AEBC}.Plugin|x86.ActiveCfg = Plugin|Any CPU
		{8AEDADC2-288D-8F93-DD27-97C62CC3AEBC}.Plugin|x86.Build.0 = Plugin|Any CPU
		{8AEDADC2-288D-8F93-DD27-97C62CC3AEBC}.Quokka|Any CPU.ActiveCfg = Plugin|Any CPU
		{8AEDADC2-288D-8F93-DD27-97C62CC3AEBC}.Quokka|Any CPU.Build.0 = Plugin|Any CPU
		{8AEDADC2-288D-8F93-DD27-97C62CC3AEBC}.Quokka|x86.ActiveCfg = Plugin|Any CPU
		{8AEDADC2-288D-8F93-DD27-97C62CC3AEBC}.Quokka|x86.Build.0 = Plugin|Any CPU
		{8AEDADC2-288D-8F93-DD27-97C62CC3AEBC}.Release|Any CPU.ActiveCfg = Plugin|Any CPU
		{8AEDADC2-288D-8F93-DD27-97C62CC3AEBC}.Release|Any CPU.Build.0 = Plugin|Any CPU
		{8AEDADC2-288D-8F93-DD27-97C62CC3AEBC}.Release|x86.ActiveCfg = Plugin|Any CPU
		{8AEDADC2-288D-8F93-DD27-97C62CC3AEBC}.Release|x86.Build.0 = Plugin|Any CPU
		{A51EB60B-257D-434A-19F9-9B659BFA1054}.Debug|Any CPU.ActiveCfg = Plugin|Any CPU
		{A51EB60B-257D-434A-19F9-9B659BFA1054}.Debug|Any CPU.Build.0 = Plugin|Any CPU
		{A51EB60B-257D-434A-19F9-9B659BFA1054}.Debug|x86.ActiveCfg = Plugin|Any CPU
		{A51EB60B-257D-434A-19F9-9B659BFA1054}.Debug|x86.Build.0 = Plugin|Any CPU
		{A51EB60B-257D-434A-19F9-9B659BFA1054}.Plugin|Any CPU.ActiveCfg = Plugin|Any CPU
		{A51EB60B-257D-434A-19F9-9B659BFA1054}.Plugin|Any CPU.Build.0 = Plugin|Any CPU
		{A51EB60B-257D-434A-19F9-9B659BFA1054}.Plugin|x86.ActiveCfg = Plugin|Any CPU
		{A51EB60B-257D-434A-19F9-9B659BFA1054}.Plugin|x86.Build.0 = Plugin|Any CPU
		{A51EB60B-257D-434A-19F9-9B659BFA1054}.Quokka|Any CPU.ActiveCfg = Plugin|Any CPU
		{A51EB60B-257D-434A-19F9-9B659BFA1054}.Quokka|Any CPU.Build.0 = Plugin|Any CPU
		{A51EB60B-257D-434A-19F9-9B659BFA1054}.Quokka|x86.ActiveCfg = Plugin|Any CPU
		{A51EB60B-257D-434A-19F9-9B659BFA1054}.Quokka|x86.Build.0 = Plugin|Any CPU
		{A51EB60B-257D-434A-19F9-9B659BFA1054}.Release|Any CPU.ActiveCfg = Plugin|Any CPU
		{A51EB60B-257D-434A-19F9-9B659BFA1054}.Release|Any CPU.Build.0 = Plugin|Any CPU
		{A51EB60B-257D-434A-19F9-9B659BFA1054}.Release|x86.ActiveCfg = Plugin|Any CPU
		{A51EB60B-257D-434A-19F9-9B659BFA1054}.Release|x86.Build.0 = Plugin|Any CPU
		{D473D66A-B1D8-9486-677E-1D1783BED58F}.Debug|Any CPU.ActiveCfg = Plugin|Any CPU
		{D473D66A-B1D8-9486-677E-1D1783BED58F}.Debug|Any CPU.Build.0 = Plugin|Any CPU
		{D473D66A-B1D8-9486-677E-1D1783BED58F}.Debug|x86.ActiveCfg = Plugin|Any CPU
		{D473D66A-B1D8-9486-677E-1D1783BED58F}.Debug|x86.Build.0 = Plugin|Any CPU
		{D473D66A-B1D8-9486-677E-1D1783BED58F}.Plugin|Any CPU.ActiveCfg = Plugin|Any CPU
		{D473D66A-B1D8-9486-677E-1D1783BED58F}.Plugin|Any CPU.Build.0 = Plugin|Any CPU
		{D473D66A-B1D8-9486-677E-1D1783BED58F}.Plugin|x86.ActiveCfg = Plugin|Any CPU
		{D473D66A-B1D8-9486-677E-1D1783BED58F}.Plugin|x86.Build.0 = Plugin|Any CPU
		{D473D66A-B1D8-9486-677E-1D1783BED58F}.Quokka|Any CPU.ActiveCfg = Plugin|Any CPU
		{D473D66A-B1D8-9486-677E-1D1783BED58F}.Quokka|Any CPU.Build.0 = Plugin|Any CPU
		{D473D66A-B1D8-9486-677E-1D1783BED58F}.Quokka|x86.ActiveCfg = Plugin|Any CPU
		{D473D66A-B1D8-9486-677E-1D1783BED58F}.Quokka|x86.Build.0 = Plugin|Any CPU
		{D473D66A-B1D8-9486-677E-1D1783BED58F}.Release|Any CPU.ActiveCfg = Plugin|Any CPU
		{D473D66A-B1D8-9486-677E-1D1783BED58F}.Release|Any CPU.Build.0 = Plugin|Any CPU
		{D473D66A-B1D8-9486-677E-1D1783BED58F}.Release|x86.ActiveCfg = Plugin|Any CPU
		{D473D66A-B1D8-9486-677E-1D1783BED58F}.Release|x86.Build.0 = Plugin|Any CPU
		{BFDC6A98-C0DF-7ED7-7C66-00C077582D77}.Debug|Any CPU.ActiveCfg = Plugin|Any CPU
		{BFDC6A98-C0DF-7ED7-7C66-00C077582D77}.Debug|Any CPU.Build.0 = Plugin|Any CPU
		{BFDC6A98-C0DF-7ED7-7C66-00C077582D77}.Debug|x86.ActiveCfg = Plugin|Any CPU
		{BFDC6A98-C0DF-7ED7-7C66-00C077582D77}.Debug|x86.Build.0 = Plugin|Any CPU
		{BFDC6A98-C0DF-7ED7-7C66-00C077582D77}.Plugin|Any CPU.ActiveCfg = Plugin|Any CPU
		{BFDC6A98-C0DF-7ED7-7C66-00C077582D77}.Plugin|Any CPU.Build.0 = Plugin|Any CPU
		{BFDC6A98-C0DF-7ED7-7C66-00C077582D77}.Plugin|x86.ActiveCfg = Plugin|Any CPU
		{BFDC6A98-C0DF-7ED7-7C66-00C077582D77}.Plugin|x86.Build.0 = Plugin|Any CPU
		{BFDC6A98-C0DF-7ED7-7C66-00C077582D77}.Quokka|Any CPU.ActiveCfg = Plugin|Any CPU
		{BFDC6A98-C0DF-7ED7-7C66-00C077582D77}.Quokka|Any CPU.Build.0 = Plugin|Any CPU
		{BFDC6A98-C0DF-7ED7-7C66-00C077582D77}.Quokka|x86.ActiveCfg = Plugin|Any CPU
		{BFDC6A98-C0DF-7ED7-7C66-00C077582D77}.Quokka|x86.Build.0 = Plugin|Any CPU
		{BFDC6A98-C0DF-7ED7-7C66-00C077582D77}.Release|Any CPU.ActiveCfg = Plugin|Any CPU
		{BFDC6A98-C0DF-7ED7-7C66-00C077582D77}.Release|Any CPU.Build.0 = Plugin|Any CPU
		{BFDC6A98-C0DF-7ED7-7C66-00C077582D77}.Release|x86.ActiveCfg = Plugin|Any CPU
		{BFDC6A98-C0DF-7ED7-7C66-00C077582D77}.Release|x86.Build.0 = Plugin|Any CPU
		{D4C7C535-0650-D62F-4F0A-FEBCCC603383}.Debug|Any CPU.ActiveCfg = Plugin|Any CPU
		{D4C7C535-0650-D62F-4F0A-FEBCCC603383}.Debug|Any CPU.Build.0 = Plugin|Any CPU
		{D4C7C535-0650-D62F-4F0A-FEBCCC603383}.Debug|x86.ActiveCfg = Plugin|Any CPU
		{D4C7C535-0650-D62F-4F0A-FEBCCC603383}.Debug|x86.Build.0 = Plugin|Any CPU
		{D4C7C535-0650-D62F-4F0A-FEBCCC603383}.Plugin|Any CPU.ActiveCfg = Plugin|Any CPU
		{D4C7C535-0650-D62F-4F0A-FEBCCC603383}.Plugin|Any CPU.Build.0 = Plugin|Any CPU
		{D4C7C535-0650-D62F-4F0A-FEBCCC603383}.Plugin|x86.ActiveCfg = Plugin|Any CPU
		{D4C7C535-0650-D62F-4F0A-FEBCCC603383}.Plugin|x86.Build.0 = Plugin|Any CPU
		{D4C7C535-0650-D62F-4F0A-FEBCCC603383}.Quokka|Any CPU.ActiveCfg = Plugin|Any CPU
		{D4C7C535-0650-D62F-4F0A-FEBCCC603383}.Quokka|Any CPU.Build.0 = Plugin|Any CPU
		{D4C7C535-0650-D62F-4F0A-FEBCCC603383}.Quokka|x86.ActiveCfg = Plugin|Any CPU
		{D4C7C535-0650-D62F-4F0A-FEBCCC603383}.Quokka|x86.Build.0 = Plugin|Any CPU
		{D4C7C535-0650-D62F-4F0A-FEBCCC603383}.Release|Any CPU.ActiveCfg = Plugin|Any CPU
		{D4C7C535-0650-D62F-4F0A-FEBCCC603383}.Release|Any CPU.Build.0 = Plugin|Any CPU
		{D4C7C535-0650-D62F-4F0A-FEBCCC603383}.Release|x86.ActiveCfg = Plugin|Any CPU
		{D4C7C535-0650-D62F-4F0A-FEBCCC603383}.Release|x86.Build.0 = Plugin|Any CPU
		{E232BB7B-7298-B277-FCE2-8BA954618518}.Debug|Any CPU.ActiveCfg = Plugin|Any CPU
		{E232BB7B-7298-B277-FCE2-8BA954618518}.Debug|Any CPU.Build.0 = Plugin|Any CPU
		{E232BB7B-7298-B277-FCE2-8BA954618518}.Debug|x86.ActiveCfg = Plugin|Any CPU
		{E232BB7B-7298-B277-FCE2-8BA954618518}.Debug|x86.Build.0 = Plugin|Any CPU
		{E232BB7B-7298-B277-FCE2-8BA954618518}.Plugin|Any CPU.ActiveCfg = Plugin|Any CPU
		{E232BB7B-7298-B277-FCE2-8BA954618518}.Plugin|Any CPU.Build.0 = Plugin|Any CPU
		{E232BB7B-7298-B277-FCE2-8BA954618518}.Plugin|x86.ActiveCfg = Plugin|Any CPU
		{E232BB7B-7298-B277-FCE2-8BA954618518}.Plugin|x86.Build.0 = Plugin|Any CPU
		{E232BB7B-7298-B277-FCE2-8BA954618518}.Quokka|Any CPU.ActiveCfg = Plugin|Any CPU
		{E232BB7B-7298-B277-FCE2-8BA954618518}.Quokka|Any CPU.Build.0 = Plugin|Any CPU
		{E232BB7B-7298-B277-FCE2-8BA954618518}.Quokka|x86.ActiveCfg = Plugin|Any CPU
		{E232BB7B-7298-B277-FCE2-8BA954618518}.Quokka|x86.Build.0 = Plugin|Any CPU
		{E232BB7B-7298-B277-FCE2-8BA954618518}.Release|Any CPU.ActiveCfg = Plugin|Any CPU
		{E232BB7B-7298-B277-FCE2-8BA954618518}.Release|Any CPU.Build.0 = Plugin|Any CPU
		{E232BB7B-7298-B277-FCE2-8BA954618518}.Release|x86.ActiveCfg = Plugin|Any CPU
		{E232BB7B-7298-B277-FCE2-8BA954618518}.Release|x86.Build.0 = Plugin|Any CPU
		{22155711-3030-24BF-A39E-494250FDEB25}.Debug|Any CPU.ActiveCfg = Plugin|Any CPU
		{22155711-3030-24BF-A39E-494250FDEB25}.Debug|Any CPU.Build.0 = Plugin|Any CPU
		{22155711-3030-24BF-A39E-494250FDEB25}.Debug|x86.ActiveCfg = Plugin|Any CPU
		{22155711-3030-24BF-A39E-494250FDEB25}.Debug|x86.Build.0 = Plugin|Any CPU
		{22155711-3030-24BF-A39E-494250FDEB25}.Plugin|Any CPU.ActiveCfg = Plugin|Any CPU
		{22155711-3030-24BF-A39E-494250FDEB25}.Plugin|Any CPU.Build.0 = Plugin|Any CPU
		{22155711-3030-24BF-A39E-494250FDEB25}.Plugin|x86.ActiveCfg = Plugin|Any CPU
		{22155711-3030-24BF-A39E-494250FDEB25}.Plugin|x86.Build.0 = Plugin|Any CPU
		{22155711-3030-24BF-A39E-494250FDEB25}.Quokka|Any CPU.ActiveCfg = Plugin|Any CPU
		{22155711-3030-24BF-A39E-494250FDEB25}.Quokka|Any CPU.Build.0 = Plugin|Any CPU
		{22155711-3030-24BF-A39E-494250FDEB25}.Quokka|x86.ActiveCfg = Plugin|Any CPU
		{22155711-3030-24BF-A39E-494250FDEB25}.Quokka|x86.Build.0 = Plugin|Any CPU
		{22155711-3030-24BF-A39E-494250FDEB25}.Release|Any CPU.ActiveCfg = Plugin|Any CPU
		{22155711-3030-24BF-A39E-494250FDEB25}.Release|Any CPU.Build.0 = Plugin|Any CPU
		{22155711-3030-24BF-A39E-494250FDEB25}.Release|x86.ActiveCfg = Plugin|Any CPU
		{22155711-3030-24BF-A39E-494250FDEB25}.Release|x86.Build.0 = Plugin|Any CPU
		{08180C0A-4D65-541A-2021-62A05DF77BB6}.Debug|Any CPU.ActiveCfg = Plugin|Any CPU
		{08180C0A-4D65-541A-2021-62A05DF77BB6}.Debug|Any CPU.Build.0 = Plugin|Any CPU
		{08180C0A-4D65-541A-2021-62A05DF77BB6}.Debug|x86.ActiveCfg = Plugin|Any CPU
		{08180C0A-4D65-541A-2021-62A05DF77BB6}.Debug|x86.Build.0 = Plugin|Any CPU
		{08180C0A-4D65-541A-2021-62A05DF77BB6}.Plugin|Any CPU.ActiveCfg = Plugin|Any CPU
		{08180C0A-4D65-541A-2021-62A05DF77BB6}.Plugin|Any CPU.Build.0 = Plugin|Any CPU
		{08180C0A-4D65-541A-2021-62A05DF77BB6}.Plugin|x86.ActiveCfg = Plugin|Any CPU
		{08180C0A-4D65-541A-2021-62A05DF77BB6}.Plugin|x86.Build.0 = Plugin|Any CPU
		{08180C0A-4D65-541A-2021-62A05DF77BB6}.Quokka|Any CPU.ActiveCfg = Plugin|Any CPU
		{08180C0A-4D65-541A-2021-62A05DF77BB6}.Quokka|Any CPU.Build.0 = Plugin|Any CPU
		{08180C0A-4D65-541A-2021-62A05DF77BB6}.Quokka|x86.ActiveCfg = Plugin|Any CPU
		{08180C0A-4D65-541A-2021-62A05DF77BB6}.Quokka|x86.Build.0 = Plugin|Any CPU
		{08180C0A-4D65-541A-2021-62A05DF77BB6}.Release|Any CPU.ActiveCfg = Plugin|Any CPU
		{08180C0A-4D65-541A-2021-62A05DF77BB6}.Release|Any CPU.Build.0 = Plugin|Any CPU
		{08180C0A-4D65-541A-2021-62A05DF77BB6}.Release|x86.ActiveCfg = Plugin|Any CPU
		{08180C0A-4D65-541A-2021-62A05DF77BB6}.Release|x86.Build.0 = Plugin|Any CPU
		{7368562F-D321-AE1A-3BEB-1BD78DDA3E8B}.Debug|Any CPU.ActiveCfg = Plugin|Any CPU
		{7368562F-D321-AE1A-3BEB-1BD78DDA3E8B}.Debug|Any CPU.Build.0 = Plugin|Any CPU
		{7368562F-D321-AE1A-3BEB-1BD78DDA3E8B}.Debug|x86.ActiveCfg = Plugin|Any CPU
		{7368562F-D321-AE1A-3BEB-1BD78DDA3E8B}.Debug|x86.Build.0 = Plugin|Any CPU
		{7368562F-D321-AE1A-3BEB-1BD78DDA3E8B}.Plugin|Any CPU.ActiveCfg = Plugin|Any CPU
		{7368562F-D321-AE1A-3BEB-1BD78DDA3E8B}.Plugin|Any CPU.Build.0 = Plugin|Any CPU
		{7368562F-D321-AE1A-3BEB-1BD78DDA3E8B}.Plugin|x86.ActiveCfg = Plugin|Any CPU
		{7368562F-D321-AE1A-3BEB-1BD78DDA3E8B}.Plugin|x86.Build.0 = Plugin|Any CPU
		{7368562F-D321-AE1A-3BEB-1BD78DDA3E8B}.Quokka|Any CPU.ActiveCfg = Plugin|Any CPU
		{7368562F-D321-AE1A-3BEB-1BD78DDA3E8B}.Quokka|Any CPU.Build.0 = Plugin|Any CPU
		{7368562F-D321-AE1A-3BEB-1BD78DDA3E8B}.Quokka|x86.ActiveCfg = Plugin|Any CPU
		{7368562F-D321-AE1A-3BEB-1BD78DDA3E8B}.Quokka|x86.Build.0 = Plugin|Any CPU
		{7368562F-D321-AE1A-3BEB-1BD78DDA3E8B}.Release|Any CPU.ActiveCfg = Plugin|Any CPU
		{7368562F-D321-AE1A-3BEB-1BD78DDA3E8B}.Release|Any CPU.Build.0 = Plugin|Any CPU
		{7368562F-D321-AE1A-3BEB-1BD78DDA3E8B}.Release|x86.ActiveCfg = Plugin|Any CPU
		{7368562F-D321-AE1A-3BEB-1BD78DDA3E8B}.Release|x86.Build.0 = Plugin|Any CPU
		{61EE331F-ACBC-7143-A185-E05A57677A08}.Debug|Any CPU.ActiveCfg = Plugin|Any CPU
		{61EE331F-ACBC-7143-A185-E05A57677A08}.Debug|Any CPU.Build.0 = Plugin|Any CPU
		{61EE331F-ACBC-7143-A185-E05A57677A08}.Debug|x86.ActiveCfg = Plugin|Any CPU
		{61EE331F-ACBC-7143-A185-E05A57677A08}.Debug|x86.Build.0 = Plugin|Any CPU
		{61EE331F-ACBC-7143-A185-E05A57677A08}.Plugin|Any CPU.ActiveCfg = Plugin|Any CPU
		{61EE331F-ACBC-7143-A185-E05A57677A08}.Plugin|Any CPU.Build.0 = Plugin|Any CPU
		{61EE331F-ACBC-7143-A185-E05A57677A08}.Plugin|x86.ActiveCfg = Plugin|Any CPU
		{61EE331F-ACBC-7143-A185-E05A57677A08}.Plugin|x86.Build.0 = Plugin|Any CPU
		{61EE331F-ACBC-7143-A185-E05A57677A08}.Quokka|Any CPU.ActiveCfg = Plugin|Any CPU
		{61EE331F-ACBC-7143-A185-E05A57677A08}.Quokka|Any CPU.Build.0 = Plugin|Any CPU
		{61EE331F-ACBC-7143-A185-E05A57677A08}.Quokka|x86.ActiveCfg = Plugin|Any CPU
		{61EE331F-ACBC-7143-A185-E05A57677A08}.Quokka|x86.Build.0 = Plugin|Any CPU
		{61EE331F-ACBC-7143-A185-E05A57677A08}.Release|Any CPU.ActiveCfg = Plugin|Any CPU
		{61EE331F-ACBC-7143-A185-E05A57677A08}.Release|Any CPU.Build.0 = Plugin|Any CPU
		{61EE331F-ACBC-7143-A185-E05A57677A08}.Release|x86.ActiveCfg = Plugin|Any CPU
		{61EE331F-ACBC-7143-A185-E05A57677A08}.Release|x86.Build.0 = Plugin|Any CPU
		{AAE17BE9-2D6E-E235-E40B-ABFA93AD1512}.Debug|Any CPU.ActiveCfg = Plugin|Any CPU
		{AAE17BE9-2D6E-E235-E40B-ABFA93AD1512}.Debug|Any CPU.Build.0 = Plugin|Any CPU
		{AAE17BE9-2D6E-E235-E40B-ABFA93AD1512}.Debug|x86.ActiveCfg = Plugin|Any CPU
		{AAE17BE9-2D6E-E235-E40B-ABFA93AD1512}.Debug|x86.Build.0 = Plugin|Any CPU
		{AAE17BE9-2D6E-E235-E40B-ABFA93AD1512}.Plugin|Any CPU.ActiveCfg = Plugin|Any CPU
		{AAE17BE9-2D6E-E235-E40B-ABFA93AD1512}.Plugin|Any CPU.Build.0 = Plugin|Any CPU
		{AAE17BE9-2D6E-E235-E40B-ABFA93AD1512}.Plugin|x86.ActiveCfg = Plugin|Any CPU
		{AAE17BE9-2D6E-E235-E40B-ABFA93AD1512}.Plugin|x86.Build.0 = Plugin|Any CPU
		{AAE17BE9-2D6E-E235-E40B-ABFA93AD1512}.Quokka|Any CPU.ActiveCfg = Plugin|Any CPU
		{AAE17BE9-2D6E-E235-E40B-ABFA93AD1512}.Quokka|Any CPU.Build.0 = Plugin|Any CPU
		{AAE17BE9-2D6E-E235-E40B-ABFA93AD1512}.Quokka|x86.ActiveCfg = Plugin|Any CPU
		{AAE17BE9-2D6E-E235-E40B-ABFA93AD1512}.Quokka|x86.Build.0 = Plugin|Any CPU
		{AAE17BE9-2D6E-E235-E40B-ABFA93AD1512}.Release|Any CPU.ActiveCfg = Plugin|Any CPU
		{AAE17BE9-2D6E-E235-E40B-ABFA93AD1512}.Release|Any CPU.Build.0 = Plugin|Any CPU
		{AAE17BE9-2D6E-E235-E40B-ABFA93AD1512}.Release|x86.ActiveCfg = Plugin|Any CPU
		{AAE17BE9-2D6E-E235-E40B-ABFA93AD1512}.Release|x86.Build.0 = Plugin|Any CPU
		{73D6EFDC-9832-0DC7-75DC-E65EF60E8D1C}.Debug|Any CPU.ActiveCfg = Plugin|Any CPU
		{73D6EFDC-9832-0DC7-75DC-E65EF60E8D1C}.Debug|Any CPU.Build.0 = Plugin|Any CPU
		{73D6EFDC-9832-0DC7-75DC-E65EF60E8D1C}.Debug|x86.ActiveCfg = Plugin|Any CPU
		{73D6EFDC-9832-0DC7-75DC-E65EF60E8D1C}.Debug|x86.Build.0 = Plugin|Any CPU
		{73D6EFDC-9832-0DC7-75DC-E65EF60E8D1C}.Plugin|Any CPU.ActiveCfg = Plugin|Any CPU
		{73D6EFDC-9832-0DC7-75DC-E65EF60E8D1C}.Plugin|Any CPU.Build.0 = Plugin|Any CPU
		{73D6EFDC-9832-0DC7-75DC-E65EF60E8D1C}.Plugin|x86.ActiveCfg = Plugin|Any CPU
		{73D6EFDC-9832-0DC7-75DC-E65EF60E8D1C}.Plugin|x86.Build.0 = Plugin|Any CPU
		{73D6EFDC-9832-0DC7-75DC-E65EF60E8D1C}.Quokka|Any CPU.ActiveCfg = Plugin|Any CPU
		{73D6EFDC-9832-0DC7-75DC-E65EF60E8D1C}.Quokka|Any CPU.Build.0 = Plugin|Any CPU
		{73D6EFDC-9832-0DC7-75DC-E65EF60E8D1C}.Quokka|x86.ActiveCfg = Plugin|Any CPU
		{73D6EFDC-9832-0DC7-75DC-E65EF60E8D1C}.Quokka|x86.Build.0 = Plugin|Any CPU
		{73D6EFDC-9832-0DC7-75DC-E65EF60E8D1C}.Release|Any CPU.ActiveCfg = Plugin|Any CPU
		{73D6EFDC-9832-0DC7-75DC-E65EF60E8D1C}.Release|Any CPU.Build.0 = Plugin|Any CPU
		{73D6EFDC-9832-0DC7-75DC-E65EF60E8D1C}.Release|x86.ActiveCfg = Plugin|Any CPU
		{73D6EFDC-9832-0DC7-75DC-E65EF60E8D1C}.Release|x86.Build.0 = Plugin|Any CPU
		{126E0769-D1E7-D0C9-7762-DFABB61F7245}.Debug|Any CPU.ActiveCfg = Plugin|Any CPU
		{126E0769-D1E7-D0C9-7762-DFABB61F7245}.Debug|Any CPU.Build.0 = Plugin|Any CPU
		{126E0769-D1E7-D0C9-7762-DFABB61F7245}.Debug|x86.ActiveCfg = Plugin|Any CPU
		{126E0769-D1E7-D0C9-7762-DFABB61F7245}.Debug|x86.Build.0 = Plugin|Any CPU
		{126E0769-D1E7-D0C9-7762-DFABB61F7245}.Plugin|Any CPU.ActiveCfg = Plugin|Any CPU
		{126E0769-D1E7-D0C9-7762-DFABB61F7245}.Plugin|Any CPU.Build.0 = Plugin|Any CPU
		{126E0769-D1E7-D0C9-7762-DFABB61F7245}.Plugin|x86.ActiveCfg = Plugin|Any CPU
		{126E0769-D1E7-D0C9-7762-DFABB61F7245}.Plugin|x86.Build.0 = Plugin|Any CPU
		{126E0769-D1E7-D0C9-7762-DFABB61F7245}.Quokka|Any CPU.ActiveCfg = Plugin|Any CPU
		{126E0769-D1E7-D0C9-7762-DFABB61F7245}.Quokka|Any CPU.Build.0 = Plugin|Any CPU
		{126E0769-D1E7-D0C9-7762-DFABB61F7245}.Quokka|x86.ActiveCfg = Plugin|Any CPU
		{126E0769-D1E7-D0C9-7762-DFABB61F7245}.Quokka|x86.Build.0 = Plugin|Any CPU
		{126E0769-D1E7-D0C9-7762-DFABB61F7245}.Release|Any CPU.ActiveCfg = Plugin|Any CPU
		{126E0769-D1E7-D0C9-7762-DFABB61F7245}.Release|Any CPU.Build.0 = Plugin|Any CPU
		{126E0769-D1E7-D0C9-7762-DFABB61F7245}.Release|x86.ActiveCfg = Plugin|Any CPU
		{126E0769-D1E7-D0C9-7762-DFABB61F7245}.Release|x86.Build.0 = Plugin|Any CPU
	EndGlobalSection
	GlobalSection(SolutionProperties) = preSolution
		HideSolutionNode = FALSE
	EndGlobalSection
	GlobalSection(NestedProjects) = preSolution
		{A719644E-CEB5-4DC8-99D3-0ADFEAA562E8} = {1F15F35B-52DE-41B6-8AE1-B4F415147579}
	EndGlobalSection
	GlobalSection(ExtensibilityGlobals) = postSolution
		SolutionGuid = {7FDD8F8A-0EBE-4319-8360-0CE41C1B9FCA}
	EndGlobalSection
EndGlobal
