
Microsoft Visual Studio Solution File, Format Version 12.00
# Visual Studio Version 17
VisualStudioVersion = 17.6.33815.320
MinimumVisualStudioVersion = 10.0.40219.1
Project("{9A19103F-16F7-4668-BE54-9A1E7A4F7556}") = "Quokka", "Quokka\Quokka.csproj", "{5809B4C0-69A8-4C05-8503-56BCBE7930A7}"
EndProject
Global
	GlobalSection(SolutionConfigurationPlatforms) = preSolution
		Debug|Any CPU = Debug|Any CPU
		Release|Any CPU = Release|Any CPU
	EndGlobalSection
	GlobalSection(ProjectConfigurationPlatforms) = postSolution
		{5809B4C0-69A8-4C05-8503-56BCBE7930A7}.Debug|Any CPU.ActiveCfg = Debug|Any CPU
		{5809B4C0-69A8-4C05-8503-56BCBE7930A7}.Debug|Any CPU.Build.0 = Debug|Any CPU
		{5809B4C0-69A8-4C05-8503-56BCBE7930A7}.Release|Any CPU.ActiveCfg = Debug|Any CPU
		{5809B4C0-69A8-4C05-8503-56BCBE7930A7}.Release|Any CPU.Build.0 = Debug|Any CPU
	EndGlobalSection
	GlobalSection(SolutionProperties) = preSolution
		HideSolutionNode = FALSE
	EndGlobalSection
	GlobalSection(ExtensibilityGlobals) = postSolution
		SolutionGuid = {7FDD8F8A-0EBE-4319-8360-0CE41C1B9FCA}
	EndGlobalSection
EndGlobal
